// !$*UTF8*$!
{
	archiveVersion = 1;
	classes = {
	};
	objectVersion = 48;
	objects = {

/* Begin PBXBuildFile section */
		1DE385131F0DF6A4002B7E75 /* AppDelegate.swift in Sources */ = {isa = PBXBuildFile; fileRef = 1DE385121F0DF6A4002B7E75 /* AppDelegate.swift */; };
		1DE385151F0DF6A4002B7E75 /* ViewController.swift in Sources */ = {isa = PBXBuildFile; fileRef = 1DE385141F0DF6A4002B7E75 /* ViewController.swift */; };
		1DE385181F0DF6A4002B7E75 /* Main.storyboard in Resources */ = {isa = PBXBuildFile; fileRef = 1DE385161F0DF6A4002B7E75 /* Main.storyboard */; };
		1DE3851A1F0DF6A4002B7E75 /* Assets.xcassets in Resources */ = {isa = PBXBuildFile; fileRef = 1DE385191F0DF6A4002B7E75 /* Assets.xcassets */; };
		1DE3851D1F0DF6A4002B7E75 /* LaunchScreen.storyboard in Resources */ = {isa = PBXBuildFile; fileRef = 1DE3851B1F0DF6A4002B7E75 /* LaunchScreen.storyboard */; };
		1DE385251F0DF6B8002B7E75 /* Inceptionv3.mlmodel in Sources */ = {isa = PBXBuildFile; fileRef = 1DE385241F0DF6B8002B7E75 /* Inceptionv3.mlmodel */; };
		1DE385291F0DF6C7002B7E75 /* CameraType.swift in Sources */ = {isa = PBXBuildFile; fileRef = 1DE385261F0DF6C7002B7E75 /* CameraType.swift */; };
		1DE3852A1F0DF6C7002B7E75 /* AVCaptureDevice+Extension.swift in Sources */ = {isa = PBXBuildFile; fileRef = 1DE385271F0DF6C7002B7E75 /* AVCaptureDevice+Extension.swift */; };
		1DE3852B1F0DF6C7002B7E75 /* VideoCapture.swift in Sources */ = {isa = PBXBuildFile; fileRef = 1DE385281F0DF6C7002B7E75 /* VideoCapture.swift */; };
		1DE3852D1F0DFC0B002B7E75 /* Emoji.swift in Sources */ = {isa = PBXBuildFile; fileRef = 1DE3852C1F0DFC0B002B7E75 /* Emoji.swift */; };
/* End PBXBuildFile section */

/* Begin PBXFileReference section */
		1DE3850F1F0DF6A4002B7E75 /* Emojifier.app */ = {isa = PBXFileReference; explicitFileType = wrapper.application; includeInIndex = 0; path = Emojifier.app; sourceTree = BUILT_PRODUCTS_DIR; };
		1DE385121F0DF6A4002B7E75 /* AppDelegate.swift */ = {isa = PBXFileReference; lastKnownFileType = sourcecode.swift; path = AppDelegate.swift; sourceTree = "<group>"; };
		1DE385141F0DF6A4002B7E75 /* ViewController.swift */ = {isa = PBXFileReference; lastKnownFileType = sourcecode.swift; path = ViewController.swift; sourceTree = "<group>"; };
		1DE385171F0DF6A4002B7E75 /* Base */ = {isa = PBXFileReference; lastKnownFileType = file.storyboard; name = Base; path = Base.lproj/Main.storyboard; sourceTree = "<group>"; };
		1DE385191F0DF6A4002B7E75 /* Assets.xcassets */ = {isa = PBXFileReference; lastKnownFileType = folder.assetcatalog; path = Assets.xcassets; sourceTree = "<group>"; };
		1DE3851C1F0DF6A4002B7E75 /* Base */ = {isa = PBXFileReference; lastKnownFileType = file.storyboard; name = Base; path = Base.lproj/LaunchScreen.storyboard; sourceTree = "<group>"; };
		1DE3851E1F0DF6A4002B7E75 /* Info.plist */ = {isa = PBXFileReference; lastKnownFileType = text.plist.xml; path = Info.plist; sourceTree = "<group>"; };
		1DE385241F0DF6B8002B7E75 /* Inceptionv3.mlmodel */ = {isa = PBXFileReference; lastKnownFileType = file.mlmodel; name = Inceptionv3.mlmodel; path = ../../../../Downloads/Inceptionv3.mlmodel; sourceTree = "<group>"; };
		1DE385261F0DF6C7002B7E75 /* CameraType.swift */ = {isa = PBXFileReference; fileEncoding = 4; lastKnownFileType = sourcecode.swift; name = CameraType.swift; path = ../../../BestChannelFinder/BestChannelFinder/CameraType.swift; sourceTree = "<group>"; };
		1DE385271F0DF6C7002B7E75 /* AVCaptureDevice+Extension.swift */ = {isa = PBXFileReference; fileEncoding = 4; lastKnownFileType = sourcecode.swift; name = "AVCaptureDevice+Extension.swift"; path = "../../../BestChannelFinder/BestChannelFinder/AVCaptureDevice+Extension.swift"; sourceTree = "<group>"; };
		1DE385281F0DF6C7002B7E75 /* VideoCapture.swift */ = {isa = PBXFileReference; fileEncoding = 4; lastKnownFileType = sourcecode.swift; name = VideoCapture.swift; path = ../../../BestChannelFinder/BestChannelFinder/VideoCapture.swift; sourceTree = "<group>"; };
		1DE3852C1F0DFC0B002B7E75 /* Emoji.swift */ = {isa = PBXFileReference; lastKnownFileType = sourcecode.swift; path = Emoji.swift; sourceTree = "<group>"; };
/* End PBXFileReference section */

/* Begin PBXFrameworksBuildPhase section */
		1DE3850C1F0DF6A4002B7E75 /* Frameworks */ = {
			isa = PBXFrameworksBuildPhase;
			buildActionMask = 2147483647;
			files = (
			);
			runOnlyForDeploymentPostprocessing = 0;
		};
/* End PBXFrameworksBuildPhase section */

/* Begin PBXGroup section */
		1DE385061F0DF6A4002B7E75 = {
			isa = PBXGroup;
			children = (
				1DE385111F0DF6A4002B7E75 /* Emojifier */,
				1DE385101F0DF6A4002B7E75 /* Products */,
			);
			sourceTree = "<group>";
		};
		1DE385101F0DF6A4002B7E75 /* Products */ = {
			isa = PBXGroup;
			children = (
				1DE3850F1F0DF6A4002B7E75 /* Emojifier.app */,
			);
			name = Products;
			sourceTree = "<group>";
		};
		1DE385111F0DF6A4002B7E75 /* Emojifier */ = {
			isa = PBXGroup;
			children = (
				1DE385121F0DF6A4002B7E75 /* AppDelegate.swift */,
				1DE385141F0DF6A4002B7E75 /* ViewController.swift */,
				1DE385271F0DF6C7002B7E75 /* AVCaptureDevice+Extension.swift */,
				1DE385261F0DF6C7002B7E75 /* CameraType.swift */,
				1DE385281F0DF6C7002B7E75 /* VideoCapture.swift */,
				1DE3852C1F0DFC0B002B7E75 /* Emoji.swift */,
				1DE385161F0DF6A4002B7E75 /* Main.storyboard */,
				1DE385191F0DF6A4002B7E75 /* Assets.xcassets */,
				1DE3851B1F0DF6A4002B7E75 /* LaunchScreen.storyboard */,
				1DE3851E1F0DF6A4002B7E75 /* Info.plist */,
				1DE385241F0DF6B8002B7E75 /* Inceptionv3.mlmodel */,
			);
			path = Emojifier;
			sourceTree = "<group>";
		};
/* End PBXGroup section */

/* Begin PBXNativeTarget section */
		1DE3850E1F0DF6A4002B7E75 /* Emojifier */ = {
			isa = PBXNativeTarget;
			buildConfigurationList = 1DE385211F0DF6A4002B7E75 /* Build configuration list for PBXNativeTarget "Emojifier" */;
			buildPhases = (
				1DE3850B1F0DF6A4002B7E75 /* Sources */,
				1DE3850C1F0DF6A4002B7E75 /* Frameworks */,
				1DE3850D1F0DF6A4002B7E75 /* Resources */,
			);
			buildRules = (
			);
			dependencies = (
			);
			name = Emojifier;
			productName = Emojifier;
			productReference = 1DE3850F1F0DF6A4002B7E75 /* Emojifier.app */;
			productType = "com.apple.product-type.application";
		};
/* End PBXNativeTarget section */

/* Begin PBXProject section */
		1DE385071F0DF6A4002B7E75 /* Project object */ = {
			isa = PBXProject;
			attributes = {
				LastSwiftUpdateCheck = 0900;
				LastUpgradeCheck = 0900;
				ORGANIZATIONNAME = Imran;
				TargetAttributes = {
					1DE3850E1F0DF6A4002B7E75 = {
						CreatedOnToolsVersion = 9.0;
					};
				};
			};
			buildConfigurationList = 1DE3850A1F0DF6A4002B7E75 /* Build configuration list for PBXProject "Emojifier" */;
			compatibilityVersion = "Xcode 8.0";
			developmentRegion = en;
			hasScannedForEncodings = 0;
			knownRegions = (
				en,
				Base,
			);
			mainGroup = 1DE385061F0DF6A4002B7E75;
			productRefGroup = 1DE385101F0DF6A4002B7E75 /* Products */;
			projectDirPath = "";
			projectRoot = "";
			targets = (
				1DE3850E1F0DF6A4002B7E75 /* Emojifier */,
			);
		};
/* End PBXProject section */

/* Begin PBXResourcesBuildPhase section */
		1DE3850D1F0DF6A4002B7E75 /* Resources */ = {
			isa = PBXResourcesBuildPhase;
			buildActionMask = 2147483647;
			files = (
				1DE3851D1F0DF6A4002B7E75 /* LaunchScreen.storyboard in Resources */,
				1DE3851A1F0DF6A4002B7E75 /* Assets.xcassets in Resources */,
				1DE385181F0DF6A4002B7E75 /* Main.storyboard in Resources */,
			);
			runOnlyForDeploymentPostprocessing = 0;
		};
/* End PBXResourcesBuildPhase section */

/* Begin PBXSourcesBuildPhase section */
		1DE3850B1F0DF6A4002B7E75 /* Sources */ = {
			isa = PBXSourcesBuildPhase;
			buildActionMask = 2147483647;
			files = (
				1DE385151F0DF6A4002B7E75 /* ViewController.swift in Sources */,
				1DE385251F0DF6B8002B7E75 /* Inceptionv3.mlmodel in Sources */,
				1DE385291F0DF6C7002B7E75 /* CameraType.swift in Sources */,
				1DE3852A1F0DF6C7002B7E75 /* AVCaptureDevice+Extension.swift in Sources */,
				1DE3852D1F0DFC0B002B7E75 /* Emoji.swift in Sources */,
				1DE3852B1F0DF6C7002B7E75 /* VideoCapture.swift in Sources */,
				1DE385131F0DF6A4002B7E75 /* AppDelegate.swift in Sources */,
			);
			runOnlyForDeploymentPostprocessing = 0;
		};
/* End PBXSourcesBuildPhase section */

/* Begin PBXVariantGroup section */
		1DE385161F0DF6A4002B7E75 /* Main.storyboard */ = {
			isa = PBXVariantGroup;
			children = (
				1DE385171F0DF6A4002B7E75 /* Base */,
			);
			name = Main.storyboard;
			sourceTree = "<group>";
		};
		1DE3851B1F0DF6A4002B7E75 /* LaunchScreen.storyboard */ = {
			isa = PBXVariantGroup;
			children = (
				1DE3851C1F0DF6A4002B7E75 /* Base */,
			);
			name = LaunchScreen.storyboard;
			sourceTree = "<group>";
		};
/* End PBXVariantGroup section */

/* Begin XCBuildConfiguration section */
		1DE3851F1F0DF6A4002B7E75 /* Debug */ = {
			isa = XCBuildConfiguration;
			buildSettings = {
				ALWAYS_SEARCH_USER_PATHS = NO;
				CLANG_ANALYZER_NONNULL = YES;
				CLANG_ANALYZER_NUMBER_OBJECT_CONVERSION = YES_AGGRESSIVE;
				CLANG_CXX_LANGUAGE_STANDARD = "gnu++14";
				CLANG_CXX_LIBRARY = "libc++";
				CLANG_ENABLE_MODULES = YES;
				CLANG_ENABLE_OBJC_ARC = YES;
				CLANG_WARN_BLOCK_CAPTURE_AUTORELEASING = YES;
				CLANG_WARN_BOOL_CONVERSION = YES;
				CLANG_WARN_COMMA = YES;
				CLANG_WARN_CONSTANT_CONVERSION = YES;
				CLANG_WARN_DIRECT_OBJC_ISA_USAGE = YES_ERROR;
				CLANG_WARN_DOCUMENTATION_COMMENTS = YES;
				CLANG_WARN_EMPTY_BODY = YES;
				CLANG_WARN_ENUM_CONVERSION = YES;
				CLANG_WARN_INFINITE_RECURSION = YES;
				CLANG_WARN_INT_CONVERSION = YES;
				CLANG_WARN_OBJC_ROOT_CLASS = YES_ERROR;
				CLANG_WARN_RANGE_LOOP_ANALYSIS = YES;
				CLANG_WARN_STRICT_PROTOTYPES = YES;
				CLANG_WARN_SUSPICIOUS_MOVE = YES;
				CLANG_WARN_UNGUARDED_AVAILABILITY = YES_AGGRESSIVE;
				CLANG_WARN_UNREACHABLE_CODE = YES;
				CLANG_WARN__DUPLICATE_METHOD_MATCH = YES;
				CODE_SIGN_IDENTITY = "iPhone Developer";
				COPY_PHASE_STRIP = NO;
				DEBUG_INFORMATION_FORMAT = dwarf;
				ENABLE_STRICT_OBJC_MSGSEND = YES;
				ENABLE_TESTABILITY = YES;
				GCC_C_LANGUAGE_STANDARD = gnu11;
				GCC_DYNAMIC_NO_PIC = NO;
				GCC_NO_COMMON_BLOCKS = YES;
				GCC_OPTIMIZATION_LEVEL = 0;
				GCC_PREPROCESSOR_DEFINITIONS = (
					"DEBUG=1",
					"$(inherited)",
				);
				GCC_WARN_64_TO_32_BIT_CONVERSION = YES;
				GCC_WARN_ABOUT_RETURN_TYPE = YES_ERROR;
				GCC_WARN_UNDECLARED_SELECTOR = YES;
				GCC_WARN_UNINITIALIZED_AUTOS = YES_AGGRESSIVE;
				GCC_WARN_UNUSED_FUNCTION = YES;
				GCC_WARN_UNUSED_VARIABLE = YES;
				IPHONEOS_DEPLOYMENT_TARGET = 11.0;
				MTL_ENABLE_DEBUG_INFO = YES;
				ONLY_ACTIVE_ARCH = YES;
				SDKROOT = iphoneos;
				SWIFT_ACTIVE_COMPILATION_CONDITIONS = DEBUG;
				SWIFT_OPTIMIZATION_LEVEL = "-Onone";
			};
			name = Debug;
		};
		1DE385201F0DF6A4002B7E75 /* Release */ = {
			isa = XCBuildConfiguration;
			buildSettings = {
				ALWAYS_SEARCH_USER_PATHS = NO;
				CLANG_ANALYZER_NONNULL = YES;
				CLANG_ANALYZER_NUMBER_OBJECT_CONVERSION = YES_AGGRESSIVE;
				CLANG_CXX_LANGUAGE_STANDARD = "gnu++14";
				CLANG_CXX_LIBRARY = "libc++";
				CLANG_ENABLE_MODULES = YES;
				CLANG_ENABLE_OBJC_ARC = YES;
				CLANG_WARN_BLOCK_CAPTURE_AUTORELEASING = YES;
				CLANG_WARN_BOOL_CONVERSION = YES;
				CLANG_WARN_COMMA = YES;
				CLANG_WARN_CONSTANT_CONVERSION = YES;
				CLANG_WARN_DIRECT_OBJC_ISA_USAGE = YES_ERROR;
				CLANG_WARN_DOCUMENTATION_COMMENTS = YES;
				CLANG_WARN_EMPTY_BODY = YES;
				CLANG_WARN_ENUM_CONVERSION = YES;
				CLANG_WARN_INFINITE_RECURSION = YES;
				CLANG_WARN_INT_CONVERSION = YES;
				CLANG_WARN_OBJC_ROOT_CLASS = YES_ERROR;
				CLANG_WARN_RANGE_LOOP_ANALYSIS = YES;
				CLANG_WARN_STRICT_PROTOTYPES = YES;
				CLANG_WARN_SUSPICIOUS_MOVE = YES;
				CLANG_WARN_UNGUARDED_AVAILABILITY = YES_AGGRESSIVE;
				CLANG_WARN_UNREACHABLE_CODE = YES;
				CLANG_WARN__DUPLICATE_METHOD_MATCH = YES;
				CODE_SIGN_IDENTITY = "iPhone Developer";
				COPY_PHASE_STRIP = NO;
				DEBUG_INFORMATION_FORMAT = "dwarf-with-dsym";
				ENABLE_NS_ASSERTIONS = NO;
				ENABLE_STRICT_OBJC_MSGSEND = YES;
				GCC_C_LANGUAGE_STANDARD = gnu11;
				GCC_NO_COMMON_BLOCKS = YES;
				GCC_WARN_64_TO_32_BIT_CONVERSION = YES;
				GCC_WARN_ABOUT_RETURN_TYPE = YES_ERROR;
				GCC_WARN_UNDECLARED_SELECTOR = YES;
				GCC_WARN_UNINITIALIZED_AUTOS = YES_AGGRESSIVE;
				GCC_WARN_UNUSED_FUNCTION = YES;
				GCC_WARN_UNUSED_VARIABLE = YES;
				IPHONEOS_DEPLOYMENT_TARGET = 11.0;
				MTL_ENABLE_DEBUG_INFO = NO;
				SDKROOT = iphoneos;
				SWIFT_OPTIMIZATION_LEVEL = "-Owholemodule";
				VALIDATE_PRODUCT = YES;
			};
			name = Release;
		};
		1DE385221F0DF6A4002B7E75 /* Debug */ = {
			isa = XCBuildConfiguration;
			buildSettings = {
				ASSETCATALOG_COMPILER_APPICON_NAME = AppIcon;
				DEVELOPMENT_TEAM = J2YU4P959S;
				INFOPLIST_FILE = Emojifier/Info.plist;
				LD_RUNPATH_SEARCH_PATHS = "$(inherited) @executable_path/Frameworks";
				PRODUCT_BUNDLE_IDENTIFIER = com.imran.Emojifier;
				PRODUCT_NAME = "$(TARGET_NAME)";
				SWIFT_VERSION = 4.0;
				TARGETED_DEVICE_FAMILY = "1,2";
			};
			name = Debug;
		};
		1DE385231F0DF6A4002B7E75 /* Release */ = {
			isa = XCBuildConfiguration;
			buildSettings = {
				ASSETCATALOG_COMPILER_APPICON_NAME = AppIcon;
				DEVELOPMENT_TEAM = J2YU4P959S;
				INFOPLIST_FILE = Emojifier/Info.plist;
				LD_RUNPATH_SEARCH_PATHS = "$(inherited) @executable_path/Frameworks";
				PRODUCT_BUNDLE_IDENTIFIER = com.imran.Emojifier;
				PRODUCT_NAME = "$(TARGET_NAME)";
				SWIFT_VERSION = 4.0;
				TARGETED_DEVICE_FAMILY = "1,2";
			};
			name = Release;
		};
/* End XCBuildConfiguration section */

/* Begin XCConfigurationList section */
		1DE3850A1F0DF6A4002B7E75 /* Build configuration list for PBXProject "Emojifier" */ = {
			isa = XCConfigurationList;
			buildConfigurations = (
				1DE3851F1F0DF6A4002B7E75 /* Debug */,
				1DE385201F0DF6A4002B7E75 /* Release */,
			);
			defaultConfigurationIsVisible = 0;
			defaultConfigurationName = Release;
		};
		1DE385211F0DF6A4002B7E75 /* Build configuration list for PBXNativeTarget "Emojifier" */ = {
			isa = XCConfigurationList;
			buildConfigurations = (
				1DE385221F0DF6A4002B7E75 /* Debug */,
				1DE385231F0DF6A4002B7E75 /* Release */,
			);
			defaultConfigurationIsVisible = 0;
		};
/* End XCConfigurationList section */
	};
	rootObject = 1DE385071F0DF6A4002B7E75 /* Project object */;
}
